
Microsoft Visual Studio Solution File, Format Version 12.00
# Visual Studio Version 17
VisualStudioVersion = 17.11.35222.181
MinimumVisualStudioVersion = 10.0.40219.1
Project("{FAE04EC0-301F-11D3-BF4B-00C04F79EFBC}") = "Esercitazione01_02_GestioneListaStudenti", "Esercitazione01_02_GestioneListaStudenti\Esercitazione01_02_GestioneListaStudenti.csproj", "{D4065721-BC86-426E-B683-E2FB6BC52A31}"
EndProject
Global
	GlobalSection(SolutionConfigurationPlatforms) = preSolution
		Debug|Any CPU = Debug|Any CPU
		Release|Any CPU = Release|Any CPU
	EndGlobalSection
	GlobalSection(ProjectConfigurationPlatforms) = postSolution
		{D4065721-BC86-426E-B683-E2FB6BC52A31}.Debug|Any CPU.ActiveCfg = Debug|Any CPU
		{D4065721-BC86-426E-B683-E2FB6BC52A31}.Debug|Any CPU.Build.0 = Debug|Any CPU
		{D4065721-BC86-426E-B683-E2FB6BC52A31}.Release|Any CPU.ActiveCfg = Release|Any CPU
		{D4065721-BC86-426E-B683-E2FB6BC52A31}.Release|Any CPU.Build.0 = Release|Any CPU
	EndGlobalSection
	GlobalSection(SolutionProperties) = preSolution
		HideSolutionNode = FALSE
	EndGlobalSection
	GlobalSection(ExtensibilityGlobals) = postSolution
		SolutionGuid = {1FBBFE22-0DC6-4856-825D-62D0CD5946B7}
	EndGlobalSection
EndGlobal
