
Microsoft Visual Studio Solution File, Format Version 12.00
# Visual Studio Version 17
VisualStudioVersion = 17.11.35222.181
MinimumVisualStudioVersion = 10.0.40219.1
Project("{FAE04EC0-301F-11D3-BF4B-00C04F79EFBC}") = "Esercitazione01_01_CalcolatriceBase", "Esercitazione01_01_CalcolatriceBase\Esercitazione01_01_CalcolatriceBase.csproj", "{838CE36F-8E00-4D68-BF6F-C78B0549F0FA}"
EndProject
Global
	GlobalSection(SolutionConfigurationPlatforms) = preSolution
		Debug|Any CPU = Debug|Any CPU
		Release|Any CPU = Release|Any CPU
	EndGlobalSection
	GlobalSection(ProjectConfigurationPlatforms) = postSolution
		{838CE36F-8E00-4D68-BF6F-C78B0549F0FA}.Debug|Any CPU.ActiveCfg = Debug|Any CPU
		{838CE36F-8E00-4D68-BF6F-C78B0549F0FA}.Debug|Any CPU.Build.0 = Debug|Any CPU
		{838CE36F-8E00-4D68-BF6F-C78B0549F0FA}.Release|Any CPU.ActiveCfg = Release|Any CPU
		{838CE36F-8E00-4D68-BF6F-C78B0549F0FA}.Release|Any CPU.Build.0 = Release|Any CPU
	EndGlobalSection
	GlobalSection(SolutionProperties) = preSolution
		HideSolutionNode = FALSE
	EndGlobalSection
	GlobalSection(ExtensibilityGlobals) = postSolution
		SolutionGuid = {2A3DA1E0-6802-4056-A2E0-750A2CF819F3}
	EndGlobalSection
EndGlobal
